PODS:
  - Flutter (1.0.0)
  - flutter_voip_kit (0.0.1):
    - Flutter

DEPENDENCIES:
  - Flutter (from `Flutter`)
  - flutter_voip_kit (from `.symlinks/plugins/flutter_voip_kit/ios`)

EXTERNAL SOURCES:
  Flutter:
    :path: Flutter
  flutter_voip_kit:
    :path: ".symlinks/plugins/flutter_voip_kit/ios"

SPEC CHECKSUMS:
  Flutter: 50d75fe2f02b26cc09d224853bb45737f8b3214a
  flutter_voip_kit: f17dfed22fb67a40088f6757cba06081a34750e6

PODFILE CHECKSUM: 3dffd8c48b531d21ec0ec153c22dc8e3a6223bc9

COCOAPODS: 1.11.2
